{
    "name": "uView",
    "version": "1.8.6",
    "lockfileVersion": 3,
    "requires": true,
    "packages": {
        "": {
            "name": "uView",
            "version": "1.8.6",
            "license": "MIT",
            "dependencies": {
                "markdown-it": "^14.1.0",
                "vue-markdown": "^2.2.4",
                "vue3-markdown-it": "^1.0.10"
            },
            "devDependencies": {
                "@types/markdown-it": "^14.1.1"
            }
        },
        "node_modules/@types/linkify-it": {
            "version": "5.0.0",
            "resolved": "https://registry.npmmirror.com/@types/linkify-it/-/linkify-it-5.0.0.tgz",
            "integrity": "sha512-sVDA58zAw4eWAffKOaQH5/5j3XeayukzDk+ewSsnv3p4yJEZHCCzMDiZM8e0OUrRvmpGZ85jf4yDHkHsgBNr9Q=="
        },
        "node_modules/@types/markdown-it": {
            "version": "14.1.1",
            "resolved": "https://registry.npmmirror.com/@types/markdown-it/-/markdown-it-14.1.1.tgz",
            "integrity": "sha512-4NpsnpYl2Gt1ljyBGrKMxFYAYvpqbnnkgP/i/g+NLpjEUa3obn1XJCur9YbEXKDAkaXqsR1LbDnGEJ0MmKFxfg==",
            "dependencies": {
                "@types/linkify-it": "^5",
                "@types/mdurl": "^2"
            }
        },
        "node_modules/@types/mdurl": {
            "version": "2.0.0",
            "resolved": "https://registry.npmmirror.com/@types/mdurl/-/mdurl-2.0.0.tgz",
            "integrity": "sha512-RGdgjQUZba5p6QEFAVx2OGb8rQDL/cPRG7GiedRzMcJ1tYnUANBncjbSB1NRGwbvjcPeikRABz2nshyPk1bhWg=="
        },
        "node_modules/argparse": {
            "version": "2.0.1",
            "resolved": "https://registry.npmmirror.com/argparse/-/argparse-2.0.1.tgz",
            "integrity": "sha512-8+9WqebbFzpX9OR+Wa6O29asIogeRMzcGtAINdpMHHyAg10f05aSFVBbcEqGf/PXw1EjAZ+q2/bEBg3DvurK3Q=="
        },
        "node_modules/clone": {
            "version": "2.1.2",
            "resolved": "https://registry.npmmirror.com/clone/-/clone-2.1.2.tgz",
            "integrity": "sha512-3Pe/CF1Nn94hyhIYpjtiLhdCoEoz0DqQ+988E9gmeEdQZlojxnOb74wctFyuwWQHzqyf9X7C7MG8juUpqBJT8w==",
            "engines": {
                "node": ">=0.8"
            }
        },
        "node_modules/entities": {
            "version": "4.5.0",
            "resolved": "https://registry.npmmirror.com/entities/-/entities-4.5.0.tgz",
            "integrity": "sha512-V0hjH4dGPh9Ao5p0MoRY6BVqtwCjhz6vI5LT8AJ55H+4g9/4vbHx1I54fS0XuclLhDHArPQCiMjDxjaL8fPxhw==",
            "engines": {
                "node": ">=0.12"
            },
            "funding": {
                "url": "https://github.com/fb55/entities?sponsor=1"
            }
        },
        "node_modules/highlight.js": {
            "version": "9.18.5",
            "resolved": "https://registry.npmmirror.com/highlight.js/-/highlight.js-9.18.5.tgz",
            "integrity": "sha512-a5bFyofd/BHCX52/8i8uJkjr9DYwXIPnM/plwI6W7ezItLGqzt7X2G2nXuYSfsIJdkwwj/g9DG1LkcGJI/dDoA==",
            "deprecated": "Support has ended for 9.x series. Upgrade to @latest",
            "hasInstallScript": true,
            "engines": {
                "node": "*"
            }
        },
        "node_modules/katex": {
            "version": "0.6.0",
            "resolved": "https://registry.npmmirror.com/katex/-/katex-0.6.0.tgz",
            "integrity": "sha512-rS4mY3SvHYg5LtQV6RBcK0if7ur6plyEukAOV+jGGPqFImuzu8fHL6M752iBmRGoUyF0bhZbAPoezehn7xYksA==",
            "dependencies": {
                "match-at": "^0.1.0"
            },
            "bin": {
                "katex": "cli.js"
            }
        },
        "node_modules/linkify-it": {
            "version": "5.0.0",
            "resolved": "https://registry.npmmirror.com/linkify-it/-/linkify-it-5.0.0.tgz",
            "integrity": "sha512-5aHCbzQRADcdP+ATqnDuhhJ/MRIqDkZX5pyjFHRRysS8vZ5AbqGEoFIb6pYHPZ+L/OC2Lc+xT8uHVVR5CAK/wQ==",
            "dependencies": {
                "uc.micro": "^2.0.0"
            }
        },
        "node_modules/linkify-it/node_modules/uc.micro": {
            "version": "2.1.0",
            "resolved": "https://registry.npmmirror.com/uc.micro/-/uc.micro-2.1.0.tgz",
            "integrity": "sha512-ARDJmphmdvUk6Glw7y9DQ2bFkKBHwQHLi2lsaH6PPmz/Ka9sFOBsBluozhDltWmnv9u/cF6Rt87znRTPV+yp/A=="
        },
        "node_modules/lodash.flow": {
            "version": "3.5.0",
            "resolved": "https://registry.npmmirror.com/lodash.flow/-/lodash.flow-3.5.0.tgz",
            "integrity": "sha512-ff3BX/tSioo+XojX4MOsOMhJw0nZoUEF011LX8g8d3gvjVbxd89cCio4BCXronjxcTUIJUoqKEUA+n4CqvvRPw=="
        },
        "node_modules/markdown-it": {
            "version": "14.1.0",
            "resolved": "https://registry.npmmirror.com/markdown-it/-/markdown-it-14.1.0.tgz",
            "integrity": "sha512-a54IwgWPaeBCAAsv13YgmALOF1elABB08FxO9i+r4VFk5Vl4pKokRPeX8u5TCgSsPi6ec1otfLjdOpVcgbpshg==",
            "dependencies": {
                "argparse": "^2.0.1",
                "entities": "^4.4.0",
                "linkify-it": "^5.0.0",
                "mdurl": "^2.0.0",
                "punycode.js": "^2.3.1",
                "uc.micro": "^2.1.0"
            },
            "bin": {
                "markdown-it": "bin/markdown-it.mjs"
            }
        },
        "node_modules/markdown-it-abbr": {
            "version": "1.0.4",
            "resolved": "https://registry.npmmirror.com/markdown-it-abbr/-/markdown-it-abbr-1.0.4.tgz",
            "integrity": "sha512-ZeA4Z4SaBbYysZap5iZcxKmlPL6bYA8grqhzJIHB1ikn7njnzaP8uwbtuXc4YXD5LicI4/2Xmc0VwmSiFV04gg=="
        },
        "node_modules/markdown-it-anchor": {
            "version": "8.6.7",
            "resolved": "https://registry.npmmirror.com/markdown-it-anchor/-/markdown-it-anchor-8.6.7.tgz",
            "integrity": "sha512-FlCHFwNnutLgVTflOYHPW2pPcl2AACqVzExlkGQNsi4CJgqOHN7YTgDd4LuhgN1BFO3TS0vLAruV1Td6dwWPJA==",
            "peerDependencies": {
                "@types/markdown-it": "*",
                "markdown-it": "*"
            }
        },
        "node_modules/markdown-it-deflist": {
            "version": "2.1.0",
            "resolved": "https://registry.npmmirror.com/markdown-it-deflist/-/markdown-it-deflist-2.1.0.tgz",
            "integrity": "sha512-3OuqoRUlSxJiuQYu0cWTLHNhhq2xtoSFqsZK8plANg91+RJQU1ziQ6lA2LzmFAEes18uPBsHZpcX6We5l76Nzg=="
        },
        "node_modules/markdown-it-emoji": {
            "version": "1.4.0",
            "resolved": "https://registry.npmmirror.com/markdown-it-emoji/-/markdown-it-emoji-1.4.0.tgz",
            "integrity": "sha512-QCz3Hkd+r5gDYtS2xsFXmBYrgw6KuWcJZLCEkdfAuwzZbShCmCfta+hwAMq4NX/4xPzkSHduMKgMkkPUJxSXNg=="
        },
        "node_modules/markdown-it-footnote": {
            "version": "2.0.0",
            "resolved": "https://registry.npmmirror.com/markdown-it-footnote/-/markdown-it-footnote-2.0.0.tgz",
            "integrity": "sha512-GMWkJXSHh5tiQt77zCLOSZI2Xy3Oqdb82GmT0Q0h2UT6SbUrMCAiHEiMBIt5V7Xfm73rBxS0VOhlLndkn1GPnw=="
        },
        "node_modules/markdown-it-highlightjs": {
            "version": "3.6.0",
            "resolved": "https://registry.npmmirror.com/markdown-it-highlightjs/-/markdown-it-highlightjs-3.6.0.tgz",
            "integrity": "sha512-ex+Lq3cVkprh0GpGwFyc53A/rqY6GGzopPCG1xMsf8Ya3XtGC8Uw9tChN1rWbpyDae7tBBhVHVcMM29h4Btamw==",
            "dependencies": {
                "highlight.js": "^11.3.1",
                "lodash.flow": "^3.5.0"
            }
        },
        "node_modules/markdown-it-highlightjs/node_modules/highlight.js": {
            "version": "11.9.0",
            "resolved": "https://registry.npmmirror.com/highlight.js/-/highlight.js-11.9.0.tgz",
            "integrity": "sha512-fJ7cW7fQGCYAkgv4CPfwFHrfd/cLS4Hau96JuJ+ZTOWhjnhoeN1ub1tFmALm/+lW5z4WCAuAV9bm05AP0mS6Gw==",
            "engines": {
                "node": ">=12.0.0"
            }
        },
        "node_modules/markdown-it-ins": {
            "version": "2.0.0",
            "resolved": "https://registry.npmmirror.com/markdown-it-ins/-/markdown-it-ins-2.0.0.tgz",
            "integrity": "sha512-DhLLxseIg2C7+AULvoyVI+zMeufR0QFvXJ2o0oV013hN5HvBvNh2rbVtTdxZjI959+hgo2AA0aRdtEIUaKPbhg=="
        },
        "node_modules/markdown-it-katex": {
            "version": "2.0.3",
            "resolved": "https://registry.npmmirror.com/markdown-it-katex/-/markdown-it-katex-2.0.3.tgz",
            "integrity": "sha512-nUkkMtRWeg7OpdflamflE/Ho/pWl64Lk9wNBKOmaj33XkQdumhXAIYhI0WO03GeiycPCsxbmX536V5NEXpC3Ng==",
            "dependencies": {
                "katex": "^0.6.0"
            }
        },
        "node_modules/markdown-it-mark": {
            "version": "2.0.0",
            "resolved": "https://registry.npmmirror.com/markdown-it-mark/-/markdown-it-mark-2.0.0.tgz",
            "integrity": "sha512-iT8ua0Bda8QrVwHDOUNw1eyCuL7irXeYch5n8zGS4tb7wsDIn7EjQZLjihKaijzBiL0ikfWL2zAvL/ECqTvsNA=="
        },
        "node_modules/markdown-it-sub": {
            "version": "1.0.0",
            "resolved": "https://registry.npmmirror.com/markdown-it-sub/-/markdown-it-sub-1.0.0.tgz",
            "integrity": "sha512-z2Rm/LzEE1wzwTSDrI+FlPEveAAbgdAdPhdWarq/ZGJrGW/uCQbKAnhoCsE4hAbc3SEym26+W2z/VQB0cQiA9Q=="
        },
        "node_modules/markdown-it-sup": {
            "version": "1.0.0",
            "resolved": "https://registry.npmmirror.com/markdown-it-sup/-/markdown-it-sup-1.0.0.tgz",
            "integrity": "sha512-E32m0nV9iyhRR7CrhnzL5msqic7rL1juWre6TQNxsnApg7Uf+F97JOKxUijg5YwXz86lZ0mqfOnutoryyNdntQ=="
        },
        "node_modules/markdown-it-task-lists": {
            "version": "2.1.1",
            "resolved": "https://registry.npmmirror.com/markdown-it-task-lists/-/markdown-it-task-lists-2.1.1.tgz",
            "integrity": "sha512-TxFAc76Jnhb2OUu+n3yz9RMu4CwGfaT788br6HhEDlvWfdeJcLUsxk1Hgw2yJio0OXsxv7pyIPmvECY7bMbluA=="
        },
        "node_modules/markdown-it-toc-and-anchor": {
            "version": "4.2.0",
            "resolved": "https://registry.npmmirror.com/markdown-it-toc-and-anchor/-/markdown-it-toc-and-anchor-4.2.0.tgz",
            "integrity": "sha512-DusSbKtg8CwZ92ztN7bOojDpP4h0+w7BVOPuA3PHDIaabMsERYpwsazLYSP/UlKedoQjOz21mwlai36TQ04EpA==",
            "dependencies": {
                "clone": "^2.1.0",
                "uslug": "^1.0.4"
            }
        },
        "node_modules/markdown-it-toc-done-right": {
            "version": "4.2.0",
            "resolved": "https://registry.npmmirror.com/markdown-it-toc-done-right/-/markdown-it-toc-done-right-4.2.0.tgz",
            "integrity": "sha512-UB/IbzjWazwTlNAX0pvWNlJS8NKsOQ4syrXZQ/C72j+jirrsjVRT627lCaylrKJFBQWfRsPmIVQie8x38DEhAQ=="
        },
        "node_modules/markdown-it/node_modules/mdurl": {
            "version": "2.0.0",
            "resolved": "https://registry.npmmirror.com/mdurl/-/mdurl-2.0.0.tgz",
            "integrity": "sha512-Lf+9+2r+Tdp5wXDXC4PcIBjTDtq4UKjCPMQhKIuzpJNW0b96kVqSwW0bT7FhRSfmAiFYgP+SCRvdrDozfh0U5w=="
        },
        "node_modules/markdown-it/node_modules/uc.micro": {
            "version": "2.1.0",
            "resolved": "https://registry.npmmirror.com/uc.micro/-/uc.micro-2.1.0.tgz",
            "integrity": "sha512-ARDJmphmdvUk6Glw7y9DQ2bFkKBHwQHLi2lsaH6PPmz/Ka9sFOBsBluozhDltWmnv9u/cF6Rt87znRTPV+yp/A=="
        },
        "node_modules/match-at": {
            "version": "0.1.1",
            "resolved": "https://registry.npmmirror.com/match-at/-/match-at-0.1.1.tgz",
            "integrity": "sha512-h4Yd392z9mST+dzc+yjuybOGFNOZjmXIPKWjxBd1Bb23r4SmDOsk2NYCU2BMUBGbSpZqwVsZYNq26QS3xfaT3Q=="
        },
        "node_modules/mdurl": {
            "version": "1.0.1",
            "resolved": "https://registry.npmmirror.com/mdurl/-/mdurl-1.0.1.tgz",
            "integrity": "sha512-/sKlQJCBYVY9Ers9hqzKou4H6V5UWc/M59TH2dvkt+84itfnq7uFOMLpOiOS4ujvHP4etln18fmIxA5R5fll0g=="
        },
        "node_modules/punycode.js": {
            "version": "2.3.1",
            "resolved": "https://registry.npmmirror.com/punycode.js/-/punycode.js-2.3.1.tgz",
            "integrity": "sha512-uxFIHU0YlHYhDQtV4R9J6a52SLx28BCjT+4ieh7IGbgwVJWO+km431c4yRlREUAsAmt/uMjQUyQHNEPf0M39CA==",
            "engines": {
                "node": ">=6"
            }
        },
        "node_modules/sprintf-js": {
            "version": "1.0.3",
            "resolved": "https://registry.npmmirror.com/sprintf-js/-/sprintf-js-1.0.3.tgz",
            "integrity": "sha512-D9cPgkvLlV3t3IzL0D0YLvGA9Ahk4PcvVwUbN0dSGr1aP0Nrt4AEnTUbuGvquEC0mA64Gqt1fzirlRs5ibXx8g=="
        },
        "node_modules/uc.micro": {
            "version": "1.0.6",
            "resolved": "https://registry.npmmirror.com/uc.micro/-/uc.micro-1.0.6.tgz",
            "integrity": "sha512-8Y75pvTYkLJW2hWQHXxoqRgV7qb9B+9vFEtidML+7koHUFapnVJAZ6cKs+Qjz5Aw3aZWHMC6u0wJE3At+nSGwA=="
        },
        "node_modules/unorm": {
            "version": "1.6.0",
            "resolved": "https://registry.npmmirror.com/unorm/-/unorm-1.6.0.tgz",
            "integrity": "sha512-b2/KCUlYZUeA7JFUuRJZPUtr4gZvBh7tavtv4fvk4+KV9pfGiR6CQAQAWl49ZpR3ts2dk4FYkP7EIgDJoiOLDA==",
            "engines": {
                "node": ">= 0.4.0"
            }
        },
        "node_modules/uslug": {
            "version": "1.0.4",
            "resolved": "https://registry.npmmirror.com/uslug/-/uslug-1.0.4.tgz",
            "integrity": "sha512-Jrbpp/NS3TvIGNjfJT1sn3/BCeykoxR8GbNYW5lF6fUscLkbXFwj1b7m4DvIkHm8k3Qr6Co68lbTmoZTMGk/ow==",
            "dependencies": {
                "unorm": ">= 1.0.0"
            },
            "engines": {
                "node": ">= 0.4.0"
            }
        },
        "node_modules/vue-markdown": {
            "version": "2.2.4",
            "resolved": "https://registry.npmmirror.com/vue-markdown/-/vue-markdown-2.2.4.tgz",
            "integrity": "sha512-hoTX/W1UIdHZrp/b0vpHSsJXAEfWsafaQLgtE2VX4gY8O/C3L2Gabqu95gyG429rL4ML1SwGv+xsPABX7yfFIQ==",
            "dependencies": {
                "highlight.js": "^9.12.0",
                "markdown-it": "^6.0.1",
                "markdown-it-abbr": "^1.0.3",
                "markdown-it-deflist": "^2.0.1",
                "markdown-it-emoji": "^1.1.1",
                "markdown-it-footnote": "^2.0.0",
                "markdown-it-ins": "^2.0.0",
                "markdown-it-katex": "^2.0.3",
                "markdown-it-mark": "^2.0.0",
                "markdown-it-sub": "^1.0.0",
                "markdown-it-sup": "^1.0.0",
                "markdown-it-task-lists": "^2.0.1",
                "markdown-it-toc-and-anchor": "^4.1.2"
            }
        },
        "node_modules/vue-markdown/node_modules/argparse": {
            "version": "1.0.10",
            "resolved": "https://registry.npmmirror.com/argparse/-/argparse-1.0.10.tgz",
            "integrity": "sha512-o5Roy6tNG4SL/FOkCAN6RzjiakZS25RLYFrcMttJqbdd8BWrnA+fGz57iN5Pb06pvBGvl5gQ0B48dJlslXvoTg==",
            "dependencies": {
                "sprintf-js": "~1.0.2"
            }
        },
        "node_modules/vue-markdown/node_modules/entities": {
            "version": "1.1.2",
            "resolved": "https://registry.npmmirror.com/entities/-/entities-1.1.2.tgz",
            "integrity": "sha512-f2LZMYl1Fzu7YSBKg+RoROelpOaNrcGmE9AZubeDfrCEia483oW4MI4VyFd5VNHIgQ/7qm1I0wUHK1eJnn2y2w=="
        },
        "node_modules/vue-markdown/node_modules/linkify-it": {
            "version": "1.2.4",
            "resolved": "https://registry.npmmirror.com/linkify-it/-/linkify-it-1.2.4.tgz",
            "integrity": "sha512-eGHwtlABkp1NOJSiKUNqBf3SYAS5jPHtvRXPAgNaQwTqmkTahjtiLH9NtxdR5IOPhNvwNMN/diswSfZKzUkhGg==",
            "dependencies": {
                "uc.micro": "^1.0.1"
            }
        },
        "node_modules/vue-markdown/node_modules/markdown-it": {
            "version": "6.1.1",
            "resolved": "https://registry.npmmirror.com/markdown-it/-/markdown-it-6.1.1.tgz",
            "integrity": "sha512-woFl7h/sqt9xRmiMweNuO7nu+w8Lz3SXsDlvE3TYeu1SdPqQ+VW4GZyaKP442Bq6XUN6V6IQjJTR93RDYG2mjw==",
            "dependencies": {
                "argparse": "^1.0.7",
                "entities": "~1.1.1",
                "linkify-it": "~1.2.2",
                "mdurl": "~1.0.1",
                "uc.micro": "^1.0.1"
            },
            "bin": {
                "markdown-it": "bin/markdown-it.js"
            }
        },
        "node_modules/vue3-markdown-it": {
            "version": "1.0.10",
            "resolved": "https://registry.npmmirror.com/vue3-markdown-it/-/vue3-markdown-it-1.0.10.tgz",
            "integrity": "sha512-mTvHu0zl7jrh7ojgaZ+tTpCLiS4CVg4bTgTu4KGhw/cRRY5YgIG8QgFAPu6kCzSW6Znc9a52Beb6hFvF4hSMkQ==",
            "dependencies": {
                "markdown-it": "^12.3.2",
                "markdown-it-abbr": "^1.0.4",
                "markdown-it-anchor": "^8.4.1",
                "markdown-it-deflist": "^2.1.0",
                "markdown-it-emoji": "^2.0.0",
                "markdown-it-footnote": "^3.0.3",
                "markdown-it-highlightjs": "^3.6.0",
                "markdown-it-ins": "^3.0.1",
                "markdown-it-mark": "^3.0.1",
                "markdown-it-sub": "^1.0.0",
                "markdown-it-sup": "^1.0.0",
                "markdown-it-task-lists": "^2.1.1",
                "markdown-it-toc-done-right": "^4.2.0"
            }
        },
        "node_modules/vue3-markdown-it/node_modules/entities": {
            "version": "2.1.0",
            "resolved": "https://registry.npmmirror.com/entities/-/entities-2.1.0.tgz",
            "integrity": "sha512-hCx1oky9PFrJ611mf0ifBLBRW8lUUVRlFolb5gWRfIELabBlbp9xZvrqZLZAs+NxFnbfQoeGd8wDkygjg7U85w==",
            "funding": {
                "url": "https://github.com/fb55/entities?sponsor=1"
            }
        },
        "node_modules/vue3-markdown-it/node_modules/linkify-it": {
            "version": "3.0.3",
            "resolved": "https://registry.npmmirror.com/linkify-it/-/linkify-it-3.0.3.tgz",
            "integrity": "sha512-ynTsyrFSdE5oZ/O9GEf00kPngmOfVwazR5GKDq6EYfhlpFug3J2zybX56a2PRRpc9P+FuSoGNAwjlbDs9jJBPQ==",
            "dependencies": {
                "uc.micro": "^1.0.1"
            }
        },
        "node_modules/vue3-markdown-it/node_modules/markdown-it": {
            "version": "12.3.2",
            "resolved": "https://registry.npmmirror.com/markdown-it/-/markdown-it-12.3.2.tgz",
            "integrity": "sha512-TchMembfxfNVpHkbtriWltGWc+m3xszaRD0CZup7GFFhzIgQqxIfn3eGj1yZpfuflzPvfkt611B2Q/Bsk1YnGg==",
            "dependencies": {
                "argparse": "^2.0.1",
                "entities": "~2.1.0",
                "linkify-it": "^3.0.1",
                "mdurl": "^1.0.1",
                "uc.micro": "^1.0.5"
            },
            "bin": {
                "markdown-it": "bin/markdown-it.js"
            }
        },
        "node_modules/vue3-markdown-it/node_modules/markdown-it-emoji": {
            "version": "2.0.2",
            "resolved": "https://registry.npmmirror.com/markdown-it-emoji/-/markdown-it-emoji-2.0.2.tgz",
            "integrity": "sha512-zLftSaNrKuYl0kR5zm4gxXjHaOI3FAOEaloKmRA5hijmJZvSjmxcokOLlzycb/HXlUFWzXqpIEoyEMCE4i9MvQ=="
        },
        "node_modules/vue3-markdown-it/node_modules/markdown-it-footnote": {
            "version": "3.0.3",
            "resolved": "https://registry.npmmirror.com/markdown-it-footnote/-/markdown-it-footnote-3.0.3.tgz",
            "integrity": "sha512-YZMSuCGVZAjzKMn+xqIco9d1cLGxbELHZ9do/TSYVzraooV8ypsppKNmUJ0fVH5ljkCInQAtFpm8Rb3eXSrt5w=="
        },
        "node_modules/vue3-markdown-it/node_modules/markdown-it-ins": {
            "version": "3.0.1",
            "resolved": "https://registry.npmmirror.com/markdown-it-ins/-/markdown-it-ins-3.0.1.tgz",
            "integrity": "sha512-32SSfZqSzqyAmmQ4SHvhxbFqSzPDqsZgMHDwxqPzp+v+t8RsmqsBZRG+RfRQskJko9PfKC2/oxyOs4Yg/CfiRw=="
        },
        "node_modules/vue3-markdown-it/node_modules/markdown-it-mark": {
            "version": "3.0.1",
            "resolved": "https://registry.npmmirror.com/markdown-it-mark/-/markdown-it-mark-3.0.1.tgz",
            "integrity": "sha512-HyxjAu6BRsdt6Xcv6TKVQnkz/E70TdGXEFHRYBGLncRE9lBFwDNLVtFojKxjJWgJ+5XxUwLaHXy+2sGBbDn+4A=="
        }
    }
}
